
Microsoft Visual Studio Solution File, Format Version 12.00
# Visual Studio 14
VisualStudioVersion = 14.0.23107.0
MinimumVisualStudioVersion = 10.0.40219.1
Project("{2150E333-8FDC-42A3-9474-1A3956D46DE8}") = "src", "src", "{1B5B3097-10BB-4469-9CA9-754DBCF8419C}"
EndProject
Project("{2150E333-8FDC-42A3-9474-1A3956D46DE8}") = "ComponentA", "ComponentA", "{FC339BC6-E5B0-4361-832F-8E6CAD08AD4A}"
EndProject
Project("{8BB2217D-0F2D-49D1-97BC-3654ED321F3B}") = "ComponentA.Abstractions", "src\ComponentA\ComponentA.Abstractions\ComponentA.Abstractions.xproj", "{273A2ABC-191B-4859-AF8E-2BC7AED203DA}"
EndProject
Project("{8BB2217D-0F2D-49D1-97BC-3654ED321F3B}") = "ComponentA.Impl", "src\ComponentA\ComponentA.Impl\ComponentA.Impl.xproj", "{E6BEC258-079E-499A-A32E-BEDE8D9EBF56}"
EndProject
Project("{2150E333-8FDC-42A3-9474-1A3956D46DE8}") = "ComponentB", "ComponentB", "{DD93B625-565A-438B-9ACD-4267E01FD7F1}"
	ProjectSection(SolutionItems) = preProject
		src\ComponentB\global.json = src\ComponentB\global.json
	EndProjectSection
EndProject
Project("{8BB2217D-0F2D-49D1-97BC-3654ED321F3B}") = "ComponentB.Abstractions", "src\ComponentB\ComponentB.Abstractions\ComponentB.Abstractions.xproj", "{89797305-472E-48E1-9C23-40A560A84A37}"
EndProject
Project("{8BB2217D-0F2D-49D1-97BC-3654ED321F3B}") = "ComponentB.Impl", "src\ComponentB\ComponentB.Impl\ComponentB.Impl.xproj", "{626C1253-02C9-4B62-8D0E-427440F445D5}"
EndProject
Global
	GlobalSection(SolutionConfigurationPlatforms) = preSolution
		Debug|Any CPU = Debug|Any CPU
		Release|Any CPU = Release|Any CPU
	EndGlobalSection
	GlobalSection(ProjectConfigurationPlatforms) = postSolution
		{273A2ABC-191B-4859-AF8E-2BC7AED203DA}.Debug|Any CPU.ActiveCfg = Debug|Any CPU
		{273A2ABC-191B-4859-AF8E-2BC7AED203DA}.Debug|Any CPU.Build.0 = Debug|Any CPU
		{273A2ABC-191B-4859-AF8E-2BC7AED203DA}.Release|Any CPU.ActiveCfg = Release|Any CPU
		{273A2ABC-191B-4859-AF8E-2BC7AED203DA}.Release|Any CPU.Build.0 = Release|Any CPU
		{E6BEC258-079E-499A-A32E-BEDE8D9EBF56}.Debug|Any CPU.ActiveCfg = Debug|Any CPU
		{E6BEC258-079E-499A-A32E-BEDE8D9EBF56}.Debug|Any CPU.Build.0 = Debug|Any CPU
		{E6BEC258-079E-499A-A32E-BEDE8D9EBF56}.Release|Any CPU.ActiveCfg = Release|Any CPU
		{E6BEC258-079E-499A-A32E-BEDE8D9EBF56}.Release|Any CPU.Build.0 = Release|Any CPU
		{89797305-472E-48E1-9C23-40A560A84A37}.Debug|Any CPU.ActiveCfg = Debug|Any CPU
		{89797305-472E-48E1-9C23-40A560A84A37}.Debug|Any CPU.Build.0 = Debug|Any CPU
		{89797305-472E-48E1-9C23-40A560A84A37}.Release|Any CPU.ActiveCfg = Release|Any CPU
		{89797305-472E-48E1-9C23-40A560A84A37}.Release|Any CPU.Build.0 = Release|Any CPU
		{626C1253-02C9-4B62-8D0E-427440F445D5}.Debug|Any CPU.ActiveCfg = Debug|Any CPU
		{626C1253-02C9-4B62-8D0E-427440F445D5}.Debug|Any CPU.Build.0 = Debug|Any CPU
		{626C1253-02C9-4B62-8D0E-427440F445D5}.Release|Any CPU.ActiveCfg = Release|Any CPU
		{626C1253-02C9-4B62-8D0E-427440F445D5}.Release|Any CPU.Build.0 = Release|Any CPU
	EndGlobalSection
	GlobalSection(SolutionProperties) = preSolution
		HideSolutionNode = FALSE
	EndGlobalSection
	GlobalSection(NestedProjects) = preSolution
		{FC339BC6-E5B0-4361-832F-8E6CAD08AD4A} = {1B5B3097-10BB-4469-9CA9-754DBCF8419C}
		{273A2ABC-191B-4859-AF8E-2BC7AED203DA} = {FC339BC6-E5B0-4361-832F-8E6CAD08AD4A}
		{E6BEC258-079E-499A-A32E-BEDE8D9EBF56} = {FC339BC6-E5B0-4361-832F-8E6CAD08AD4A}
		{DD93B625-565A-438B-9ACD-4267E01FD7F1} = {1B5B3097-10BB-4469-9CA9-754DBCF8419C}
		{89797305-472E-48E1-9C23-40A560A84A37} = {DD93B625-565A-438B-9ACD-4267E01FD7F1}
		{626C1253-02C9-4B62-8D0E-427440F445D5} = {DD93B625-565A-438B-9ACD-4267E01FD7F1}
	EndGlobalSection
EndGlobal
